
Microsoft Visual Studio Solution File, Format Version 12.00
# Visual Studio Version 17
VisualStudioVersion = 17.3.32929.385
MinimumVisualStudioVersion = 10.0.40219.1
Project("{9A19103F-16F7-4668-BE54-9A1E7A4F7556}") = "TaskvsThread", "TaskvsThread\TaskvsThread.csproj", "{3CA12DA1-1519-46CB-87A2-69E181E27B7D}"
EndProject
Project("{9A19103F-16F7-4668-BE54-9A1E7A4F7556}") = "CarBuildingUnitTest", "CarBuildingUnitTest\CarBuildingUnitTest.csproj", "{5D91DD2F-368C-43E1-B543-4C054AF5A1B3}"
EndProject
Project("{FAE04EC0-301F-11D3-BF4B-00C04F79EFBC}") = "ClassicThreadIntro", "ClassicThreadIntro\ClassicThreadIntro.csproj", "{E62C3B60-A70E-4CA7-BC1A-C1A90FAE2936}"
EndProject
Global
	GlobalSection(SolutionConfigurationPlatforms) = preSolution
		Debug|Any CPU = Debug|Any CPU
		Release|Any CPU = Release|Any CPU
	EndGlobalSection
	GlobalSection(ProjectConfigurationPlatforms) = postSolution
		{3CA12DA1-1519-46CB-87A2-69E181E27B7D}.Debug|Any CPU.ActiveCfg = Debug|Any CPU
		{3CA12DA1-1519-46CB-87A2-69E181E27B7D}.Debug|Any CPU.Build.0 = Debug|Any CPU
		{3CA12DA1-1519-46CB-87A2-69E181E27B7D}.Release|Any CPU.ActiveCfg = Release|Any CPU
		{3CA12DA1-1519-46CB-87A2-69E181E27B7D}.Release|Any CPU.Build.0 = Release|Any CPU
		{5D91DD2F-368C-43E1-B543-4C054AF5A1B3}.Debug|Any CPU.ActiveCfg = Debug|Any CPU
		{5D91DD2F-368C-43E1-B543-4C054AF5A1B3}.Debug|Any CPU.Build.0 = Debug|Any CPU
		{5D91DD2F-368C-43E1-B543-4C054AF5A1B3}.Release|Any CPU.ActiveCfg = Release|Any CPU
		{5D91DD2F-368C-43E1-B543-4C054AF5A1B3}.Release|Any CPU.Build.0 = Release|Any CPU
		{E62C3B60-A70E-4CA7-BC1A-C1A90FAE2936}.Debug|Any CPU.ActiveCfg = Debug|Any CPU
		{E62C3B60-A70E-4CA7-BC1A-C1A90FAE2936}.Debug|Any CPU.Build.0 = Debug|Any CPU
		{E62C3B60-A70E-4CA7-BC1A-C1A90FAE2936}.Release|Any CPU.ActiveCfg = Release|Any CPU
		{E62C3B60-A70E-4CA7-BC1A-C1A90FAE2936}.Release|Any CPU.Build.0 = Release|Any CPU
	EndGlobalSection
	GlobalSection(SolutionProperties) = preSolution
		HideSolutionNode = FALSE
	EndGlobalSection
	GlobalSection(ExtensibilityGlobals) = postSolution
		SolutionGuid = {4B5D8BD0-9FDF-45E2-803F-69CC8730CFCE}
	EndGlobalSection
EndGlobal
